
Microsoft Visual Studio Solution File, Format Version 12.00
# Visual Studio 15
VisualStudioVersion = 15.0.28010.2036
MinimumVisualStudioVersion = 10.0.40219.1
Project("{FAE04EC0-301F-11D3-BF4B-00C04F79EFBC}") = "Lists", "Lists\Lists.csproj", "{5F081F78-802F-49EA-889E-DDD5C82D5297}"
EndProject
Project("{FAE04EC0-301F-11D3-BF4B-00C04F79EFBC}") = "SumOfNumbers", "SumOfNumbers\SumOfNumbers.csproj", "{FDCDF96B-5C74-470F-A092-EB650E61E82D}"
EndProject
Project("{FAE04EC0-301F-11D3-BF4B-00C04F79EFBC}") = "MergingList", "MergingList\MergingList.csproj", "{29C2A92A-409E-434B-A634-09049A6AF824}"
EndProject
Project("{FAE04EC0-301F-11D3-BF4B-00C04F79EFBC}") = "TotalProducts", "TotalProducts\TotalProducts.csproj", "{00BB224E-A8A8-4BE6-8321-34192D973583}"
EndProject
Project("{FAE04EC0-301F-11D3-BF4B-00C04F79EFBC}") = "PositiveNumbers", "PositiveNumbers\PositiveNumbers.csproj", "{0A840280-E910-49B7-A67E-47AC6DC82DF2}"
EndProject
Project("{FAE04EC0-301F-11D3-BF4B-00C04F79EFBC}") = "Train", "Train\Train.csproj", "{B0FCB90F-8292-4E7F-AD1E-980EE6126022}"
EndProject
Project("{FAE04EC0-301F-11D3-BF4B-00C04F79EFBC}") = "ListOperations4", "ListOperations4\ListOperations4.csproj", "{39D83305-510B-4A0F-95FE-5AA856DAA24E}"
EndProject
Project("{FAE04EC0-301F-11D3-BF4B-00C04F79EFBC}") = "ChangeList2", "ChangeList2\ChangeList2.csproj", "{553F0387-9792-46C0-B4F1-5F0776416722}"
EndProject
Project("{FAE04EC0-301F-11D3-BF4B-00C04F79EFBC}") = "HouseParty3", "HouseParty3\HouseParty3.csproj", "{2309C1CE-D448-4376-BF4B-49BF998A5034}"
EndProject
Project("{FAE04EC0-301F-11D3-BF4B-00C04F79EFBC}") = "Cards6", "Cards6\Cards6.csproj", "{BFD493B6-F720-41B6-928E-02ECB3BB5624}"
EndProject
Project("{FAE04EC0-301F-11D3-BF4B-00C04F79EFBC}") = "PartyProfitExam1", "PartyProfitExam1\PartyProfitExam1.csproj", "{1F657314-9037-46C0-AC3A-6DDBE14BEC4B}"
EndProject
Project("{FAE04EC0-301F-11D3-BF4B-00C04F79EFBC}") = "QuestJournal3", "QuestJournal3\QuestJournal3.csproj", "{3C0433E9-C2AD-4232-AB65-F79249BEED29}"
EndProject
Project("{FAE04EC0-301F-11D3-BF4B-00C04F79EFBC}") = "DungeonestDark", "DungeonestDark\DungeonestDark.csproj", "{DAF46DC4-B690-4192-907F-61B55F3846A2}"
EndProject
Global
	GlobalSection(SolutionConfigurationPlatforms) = preSolution
		Debug|Any CPU = Debug|Any CPU
		Release|Any CPU = Release|Any CPU
	EndGlobalSection
	GlobalSection(ProjectConfigurationPlatforms) = postSolution
		{5F081F78-802F-49EA-889E-DDD5C82D5297}.Debug|Any CPU.ActiveCfg = Debug|Any CPU
		{5F081F78-802F-49EA-889E-DDD5C82D5297}.Debug|Any CPU.Build.0 = Debug|Any CPU
		{5F081F78-802F-49EA-889E-DDD5C82D5297}.Release|Any CPU.ActiveCfg = Release|Any CPU
		{5F081F78-802F-49EA-889E-DDD5C82D5297}.Release|Any CPU.Build.0 = Release|Any CPU
		{FDCDF96B-5C74-470F-A092-EB650E61E82D}.Debug|Any CPU.ActiveCfg = Debug|Any CPU
		{FDCDF96B-5C74-470F-A092-EB650E61E82D}.Debug|Any CPU.Build.0 = Debug|Any CPU
		{FDCDF96B-5C74-470F-A092-EB650E61E82D}.Release|Any CPU.ActiveCfg = Release|Any CPU
		{FDCDF96B-5C74-470F-A092-EB650E61E82D}.Release|Any CPU.Build.0 = Release|Any CPU
		{29C2A92A-409E-434B-A634-09049A6AF824}.Debug|Any CPU.ActiveCfg = Debug|Any CPU
		{29C2A92A-409E-434B-A634-09049A6AF824}.Debug|Any CPU.Build.0 = Debug|Any CPU
		{29C2A92A-409E-434B-A634-09049A6AF824}.Release|Any CPU.ActiveCfg = Release|Any CPU
		{29C2A92A-409E-434B-A634-09049A6AF824}.Release|Any CPU.Build.0 = Release|Any CPU
		{00BB224E-A8A8-4BE6-8321-34192D973583}.Debug|Any CPU.ActiveCfg = Debug|Any CPU
		{00BB224E-A8A8-4BE6-8321-34192D973583}.Debug|Any CPU.Build.0 = Debug|Any CPU
		{00BB224E-A8A8-4BE6-8321-34192D973583}.Release|Any CPU.ActiveCfg = Release|Any CPU
		{00BB224E-A8A8-4BE6-8321-34192D973583}.Release|Any CPU.Build.0 = Release|Any CPU
		{0A840280-E910-49B7-A67E-47AC6DC82DF2}.Debug|Any CPU.ActiveCfg = Debug|Any CPU
		{0A840280-E910-49B7-A67E-47AC6DC82DF2}.Debug|Any CPU.Build.0 = Debug|Any CPU
		{0A840280-E910-49B7-A67E-47AC6DC82DF2}.Release|Any CPU.ActiveCfg = Release|Any CPU
		{0A840280-E910-49B7-A67E-47AC6DC82DF2}.Release|Any CPU.Build.0 = Release|Any CPU
		{B0FCB90F-8292-4E7F-AD1E-980EE6126022}.Debug|Any CPU.ActiveCfg = Debug|Any CPU
		{B0FCB90F-8292-4E7F-AD1E-980EE6126022}.Debug|Any CPU.Build.0 = Debug|Any CPU
		{B0FCB90F-8292-4E7F-AD1E-980EE6126022}.Release|Any CPU.ActiveCfg = Release|Any CPU
		{B0FCB90F-8292-4E7F-AD1E-980EE6126022}.Release|Any CPU.Build.0 = Release|Any CPU
		{39D83305-510B-4A0F-95FE-5AA856DAA24E}.Debug|Any CPU.ActiveCfg = Debug|Any CPU
		{39D83305-510B-4A0F-95FE-5AA856DAA24E}.Debug|Any CPU.Build.0 = Debug|Any CPU
		{39D83305-510B-4A0F-95FE-5AA856DAA24E}.Release|Any CPU.ActiveCfg = Release|Any CPU
		{39D83305-510B-4A0F-95FE-5AA856DAA24E}.Release|Any CPU.Build.0 = Release|Any CPU
		{553F0387-9792-46C0-B4F1-5F0776416722}.Debug|Any CPU.ActiveCfg = Debug|Any CPU
		{553F0387-9792-46C0-B4F1-5F0776416722}.Debug|Any CPU.Build.0 = Debug|Any CPU
		{553F0387-9792-46C0-B4F1-5F0776416722}.Release|Any CPU.ActiveCfg = Release|Any CPU
		{553F0387-9792-46C0-B4F1-5F0776416722}.Release|Any CPU.Build.0 = Release|Any CPU
		{2309C1CE-D448-4376-BF4B-49BF998A5034}.Debug|Any CPU.ActiveCfg = Debug|Any CPU
		{2309C1CE-D448-4376-BF4B-49BF998A5034}.Debug|Any CPU.Build.0 = Debug|Any CPU
		{2309C1CE-D448-4376-BF4B-49BF998A5034}.Release|Any CPU.ActiveCfg = Release|Any CPU
		{2309C1CE-D448-4376-BF4B-49BF998A5034}.Release|Any CPU.Build.0 = Release|Any CPU
		{BFD493B6-F720-41B6-928E-02ECB3BB5624}.Debug|Any CPU.ActiveCfg = Debug|Any CPU
		{BFD493B6-F720-41B6-928E-02ECB3BB5624}.Debug|Any CPU.Build.0 = Debug|Any CPU
		{BFD493B6-F720-41B6-928E-02ECB3BB5624}.Release|Any CPU.ActiveCfg = Release|Any CPU
		{BFD493B6-F720-41B6-928E-02ECB3BB5624}.Release|Any CPU.Build.0 = Release|Any CPU
		{1F657314-9037-46C0-AC3A-6DDBE14BEC4B}.Debug|Any CPU.ActiveCfg = Debug|Any CPU
		{1F657314-9037-46C0-AC3A-6DDBE14BEC4B}.Debug|Any CPU.Build.0 = Debug|Any CPU
		{1F657314-9037-46C0-AC3A-6DDBE14BEC4B}.Release|Any CPU.ActiveCfg = Release|Any CPU
		{1F657314-9037-46C0-AC3A-6DDBE14BEC4B}.Release|Any CPU.Build.0 = Release|Any CPU
		{3C0433E9-C2AD-4232-AB65-F79249BEED29}.Debug|Any CPU.ActiveCfg = Debug|Any CPU
		{3C0433E9-C2AD-4232-AB65-F79249BEED29}.Debug|Any CPU.Build.0 = Debug|Any CPU
		{3C0433E9-C2AD-4232-AB65-F79249BEED29}.Release|Any CPU.ActiveCfg = Release|Any CPU
		{3C0433E9-C2AD-4232-AB65-F79249BEED29}.Release|Any CPU.Build.0 = Release|Any CPU
		{DAF46DC4-B690-4192-907F-61B55F3846A2}.Debug|Any CPU.ActiveCfg = Debug|Any CPU
		{DAF46DC4-B690-4192-907F-61B55F3846A2}.Debug|Any CPU.Build.0 = Debug|Any CPU
		{DAF46DC4-B690-4192-907F-61B55F3846A2}.Release|Any CPU.ActiveCfg = Release|Any CPU
		{DAF46DC4-B690-4192-907F-61B55F3846A2}.Release|Any CPU.Build.0 = Release|Any CPU
	EndGlobalSection
	GlobalSection(SolutionProperties) = preSolution
		HideSolutionNode = FALSE
	EndGlobalSection
	GlobalSection(ExtensibilityGlobals) = postSolution
		SolutionGuid = {8529623D-A062-4543-A177-27318D304056}
	EndGlobalSection
EndGlobal
