
Microsoft Visual Studio Solution File, Format Version 12.00
# Visual Studio 15
VisualStudioVersion = 15.0.28307.271
MinimumVisualStudioVersion = 10.0.40219.1
Project("{FAE04EC0-301F-11D3-BF4B-00C04F79EFBC}") = "02.ExcelFunction", "02.ExcelFunction\02.ExcelFunction.csproj", "{C611FDFB-6B4E-4F46-B4EA-D259385E9136}"
EndProject
Global
	GlobalSection(SolutionConfigurationPlatforms) = preSolution
		Debug|Any CPU = Debug|Any CPU
		Release|Any CPU = Release|Any CPU
	EndGlobalSection
	GlobalSection(ProjectConfigurationPlatforms) = postSolution
		{C611FDFB-6B4E-4F46-B4EA-D259385E9136}.Debug|Any CPU.ActiveCfg = Debug|Any CPU
		{C611FDFB-6B4E-4F46-B4EA-D259385E9136}.Debug|Any CPU.Build.0 = Debug|Any CPU
		{C611FDFB-6B4E-4F46-B4EA-D259385E9136}.Release|Any CPU.ActiveCfg = Release|Any CPU
		{C611FDFB-6B4E-4F46-B4EA-D259385E9136}.Release|Any CPU.Build.0 = Release|Any CPU
	EndGlobalSection
	GlobalSection(SolutionProperties) = preSolution
		HideSolutionNode = FALSE
	EndGlobalSection
	GlobalSection(ExtensibilityGlobals) = postSolution
		SolutionGuid = {9E574786-0247-4D20-92CC-ED3ED34465F6}
	EndGlobalSection
EndGlobal
