
Microsoft Visual Studio Solution File, Format Version 12.00
# Visual Studio 15
VisualStudioVersion = 15.0.28307.271
MinimumVisualStudioVersion = 10.0.40219.1
Project("{FAE04EC0-301F-11D3-BF4B-00C04F79EFBC}") = "03.ManOWar", "03.ManOWar\03.ManOWar.csproj", "{8B57DFBA-34FC-436E-9AA0-56B0CD403BE6}"
EndProject
Global
	GlobalSection(SolutionConfigurationPlatforms) = preSolution
		Debug|Any CPU = Debug|Any CPU
		Release|Any CPU = Release|Any CPU
	EndGlobalSection
	GlobalSection(ProjectConfigurationPlatforms) = postSolution
		{8B57DFBA-34FC-436E-9AA0-56B0CD403BE6}.Debug|Any CPU.ActiveCfg = Debug|Any CPU
		{8B57DFBA-34FC-436E-9AA0-56B0CD403BE6}.Debug|Any CPU.Build.0 = Debug|Any CPU
		{8B57DFBA-34FC-436E-9AA0-56B0CD403BE6}.Release|Any CPU.ActiveCfg = Release|Any CPU
		{8B57DFBA-34FC-436E-9AA0-56B0CD403BE6}.Release|Any CPU.Build.0 = Release|Any CPU
	EndGlobalSection
	GlobalSection(SolutionProperties) = preSolution
		HideSolutionNode = FALSE
	EndGlobalSection
	GlobalSection(ExtensibilityGlobals) = postSolution
		SolutionGuid = {AA6D5BD6-DECE-4B36-9C31-EB5D630C6E09}
	EndGlobalSection
EndGlobal
