
Microsoft Visual Studio Solution File, Format Version 12.00
# Visual Studio 15
VisualStudioVersion = 15.0.28307.271
MinimumVisualStudioVersion = 10.0.40219.1
Project("{FAE04EC0-301F-11D3-BF4B-00C04F79EFBC}") = "06.AutoRepair", "06.AutoRepair\06.AutoRepair.csproj", "{40093AD1-D306-4CE5-8179-29F9B5E140A9}"
EndProject
Global
	GlobalSection(SolutionConfigurationPlatforms) = preSolution
		Debug|Any CPU = Debug|Any CPU
		Release|Any CPU = Release|Any CPU
	EndGlobalSection
	GlobalSection(ProjectConfigurationPlatforms) = postSolution
		{40093AD1-D306-4CE5-8179-29F9B5E140A9}.Debug|Any CPU.ActiveCfg = Debug|Any CPU
		{40093AD1-D306-4CE5-8179-29F9B5E140A9}.Debug|Any CPU.Build.0 = Debug|Any CPU
		{40093AD1-D306-4CE5-8179-29F9B5E140A9}.Release|Any CPU.ActiveCfg = Release|Any CPU
		{40093AD1-D306-4CE5-8179-29F9B5E140A9}.Release|Any CPU.Build.0 = Release|Any CPU
	EndGlobalSection
	GlobalSection(SolutionProperties) = preSolution
		HideSolutionNode = FALSE
	EndGlobalSection
	GlobalSection(ExtensibilityGlobals) = postSolution
		SolutionGuid = {8C6AC67E-E58D-45D8-BB9F-9DF7339C27EF}
	EndGlobalSection
EndGlobal
