
Microsoft Visual Studio Solution File, Format Version 12.00
# Visual Studio 15
VisualStudioVersion = 15.0.28307.271
MinimumVisualStudioVersion = 10.0.40219.1
Project("{9A19103F-16F7-4668-BE54-9A1E7A4F7556}") = "Inheritance", "Inheritance\Inheritance.csproj", "{A1D91538-41FD-4D2A-8205-46A82C14458D}"
EndProject
Project("{FAE04EC0-301F-11D3-BF4B-00C04F79EFBC}") = "P03.Mankind", "P03.Mankind\P03.Mankind.csproj", "{C279E107-6EC2-47FD-ACD5-29C7F28DEA5D}"
EndProject
Project("{FAE04EC0-301F-11D3-BF4B-00C04F79EFBC}") = "P05.MordorsCruelPlan", "P05.MordorsCruelPlan\P05.MordorsCruelPlan.csproj", "{3BFDF283-DC6A-41B5-9B51-EC8335634DD9}"
EndProject
Project("{FAE04EC0-301F-11D3-BF4B-00C04F79EFBC}") = "P02.BookShop", "P02.BookShop\P02.BookShop.csproj", "{DCDC64C6-6B9C-4C21-B724-A1283286F8FB}"
EndProject
Project("{FAE04EC0-301F-11D3-BF4B-00C04F79EFBC}") = "P04.OnlineRadioDatabase", "P04.OnlineRadioDatabase\P04.OnlineRadioDatabase.csproj", "{FF9A3D99-41BB-4B39-8328-505B784A9402}"
EndProject
Project("{FAE04EC0-301F-11D3-BF4B-00C04F79EFBC}") = "P06.Animal", "P06.Animal\P06.Animal.csproj", "{61AB556D-805E-4C42-9D79-550DE93AC09E}"
EndProject
Global
	GlobalSection(SolutionConfigurationPlatforms) = preSolution
		Debug|Any CPU = Debug|Any CPU
		Release|Any CPU = Release|Any CPU
	EndGlobalSection
	GlobalSection(ProjectConfigurationPlatforms) = postSolution
		{A1D91538-41FD-4D2A-8205-46A82C14458D}.Debug|Any CPU.ActiveCfg = Debug|Any CPU
		{A1D91538-41FD-4D2A-8205-46A82C14458D}.Debug|Any CPU.Build.0 = Debug|Any CPU
		{A1D91538-41FD-4D2A-8205-46A82C14458D}.Release|Any CPU.ActiveCfg = Release|Any CPU
		{A1D91538-41FD-4D2A-8205-46A82C14458D}.Release|Any CPU.Build.0 = Release|Any CPU
		{C279E107-6EC2-47FD-ACD5-29C7F28DEA5D}.Debug|Any CPU.ActiveCfg = Debug|Any CPU
		{C279E107-6EC2-47FD-ACD5-29C7F28DEA5D}.Debug|Any CPU.Build.0 = Debug|Any CPU
		{C279E107-6EC2-47FD-ACD5-29C7F28DEA5D}.Release|Any CPU.ActiveCfg = Release|Any CPU
		{C279E107-6EC2-47FD-ACD5-29C7F28DEA5D}.Release|Any CPU.Build.0 = Release|Any CPU
		{3BFDF283-DC6A-41B5-9B51-EC8335634DD9}.Debug|Any CPU.ActiveCfg = Debug|Any CPU
		{3BFDF283-DC6A-41B5-9B51-EC8335634DD9}.Debug|Any CPU.Build.0 = Debug|Any CPU
		{3BFDF283-DC6A-41B5-9B51-EC8335634DD9}.Release|Any CPU.ActiveCfg = Release|Any CPU
		{3BFDF283-DC6A-41B5-9B51-EC8335634DD9}.Release|Any CPU.Build.0 = Release|Any CPU
		{DCDC64C6-6B9C-4C21-B724-A1283286F8FB}.Debug|Any CPU.ActiveCfg = Debug|Any CPU
		{DCDC64C6-6B9C-4C21-B724-A1283286F8FB}.Debug|Any CPU.Build.0 = Debug|Any CPU
		{DCDC64C6-6B9C-4C21-B724-A1283286F8FB}.Release|Any CPU.ActiveCfg = Release|Any CPU
		{DCDC64C6-6B9C-4C21-B724-A1283286F8FB}.Release|Any CPU.Build.0 = Release|Any CPU
		{FF9A3D99-41BB-4B39-8328-505B784A9402}.Debug|Any CPU.ActiveCfg = Debug|Any CPU
		{FF9A3D99-41BB-4B39-8328-505B784A9402}.Debug|Any CPU.Build.0 = Debug|Any CPU
		{FF9A3D99-41BB-4B39-8328-505B784A9402}.Release|Any CPU.ActiveCfg = Release|Any CPU
		{FF9A3D99-41BB-4B39-8328-505B784A9402}.Release|Any CPU.Build.0 = Release|Any CPU
		{61AB556D-805E-4C42-9D79-550DE93AC09E}.Debug|Any CPU.ActiveCfg = Debug|Any CPU
		{61AB556D-805E-4C42-9D79-550DE93AC09E}.Debug|Any CPU.Build.0 = Debug|Any CPU
		{61AB556D-805E-4C42-9D79-550DE93AC09E}.Release|Any CPU.ActiveCfg = Release|Any CPU
		{61AB556D-805E-4C42-9D79-550DE93AC09E}.Release|Any CPU.Build.0 = Release|Any CPU
	EndGlobalSection
	GlobalSection(SolutionProperties) = preSolution
		HideSolutionNode = FALSE
	EndGlobalSection
	GlobalSection(ExtensibilityGlobals) = postSolution
		SolutionGuid = {B1D2D622-36ED-4E1B-8579-C2D212F8B227}
	EndGlobalSection
EndGlobal
