
Microsoft Visual Studio Solution File, Format Version 12.00
# Visual Studio 15
VisualStudioVersion = 15.0.28307.271
MinimumVisualStudioVersion = 10.0.40219.1
Project("{FAE04EC0-301F-11D3-BF4B-00C04F79EFBC}") = "02.TreasureHunt", "02.TreasureHunt\02.TreasureHunt.csproj", "{F015F000-48B1-46A4-A488-FA849B5FE431}"
EndProject
Global
	GlobalSection(SolutionConfigurationPlatforms) = preSolution
		Debug|Any CPU = Debug|Any CPU
		Release|Any CPU = Release|Any CPU
	EndGlobalSection
	GlobalSection(ProjectConfigurationPlatforms) = postSolution
		{F015F000-48B1-46A4-A488-FA849B5FE431}.Debug|Any CPU.ActiveCfg = Debug|Any CPU
		{F015F000-48B1-46A4-A488-FA849B5FE431}.Debug|Any CPU.Build.0 = Debug|Any CPU
		{F015F000-48B1-46A4-A488-FA849B5FE431}.Release|Any CPU.ActiveCfg = Release|Any CPU
		{F015F000-48B1-46A4-A488-FA849B5FE431}.Release|Any CPU.Build.0 = Release|Any CPU
	EndGlobalSection
	GlobalSection(SolutionProperties) = preSolution
		HideSolutionNode = FALSE
	EndGlobalSection
	GlobalSection(ExtensibilityGlobals) = postSolution
		SolutionGuid = {0CB92356-1CF8-405E-A69A-59818BD96234}
	EndGlobalSection
EndGlobal
