
Microsoft Visual Studio Solution File, Format Version 12.00
# Visual Studio 15
VisualStudioVersion = 15.0.28307.271
MinimumVisualStudioVersion = 10.0.40219.1
Project("{FAE04EC0-301F-11D3-BF4B-00C04F79EFBC}") = "ExcelFunctions", "ExcelFunctions\ExcelFunctions.csproj", "{9E190BE4-FD7E-4C3D-BD9F-B53CAC875E93}"
EndProject
Global
	GlobalSection(SolutionConfigurationPlatforms) = preSolution
		Debug|Any CPU = Debug|Any CPU
		Release|Any CPU = Release|Any CPU
	EndGlobalSection
	GlobalSection(ProjectConfigurationPlatforms) = postSolution
		{9E190BE4-FD7E-4C3D-BD9F-B53CAC875E93}.Debug|Any CPU.ActiveCfg = Debug|Any CPU
		{9E190BE4-FD7E-4C3D-BD9F-B53CAC875E93}.Debug|Any CPU.Build.0 = Debug|Any CPU
		{9E190BE4-FD7E-4C3D-BD9F-B53CAC875E93}.Release|Any CPU.ActiveCfg = Release|Any CPU
		{9E190BE4-FD7E-4C3D-BD9F-B53CAC875E93}.Release|Any CPU.Build.0 = Release|Any CPU
	EndGlobalSection
	GlobalSection(SolutionProperties) = preSolution
		HideSolutionNode = FALSE
	EndGlobalSection
	GlobalSection(ExtensibilityGlobals) = postSolution
		SolutionGuid = {2FCEB673-ABB4-4626-8666-22941D02B8B7}
	EndGlobalSection
EndGlobal
