
Microsoft Visual Studio Solution File, Format Version 12.00
# Visual Studio 15
VisualStudioVersion = 15.0.28307.271
MinimumVisualStudioVersion = 10.0.40219.1
Project("{FAE04EC0-301F-11D3-BF4B-00C04F79EFBC}") = "01.RecursiveArraySum", "01.RecursiveArraySum\01.RecursiveArraySum.csproj", "{2249C71F-0223-468B-A11E-A80C3EAFCF16}"
EndProject
Project("{FAE04EC0-301F-11D3-BF4B-00C04F79EFBC}") = "02.RecursiveFactorial", "02.RecursiveFactorial\02.RecursiveFactorial.csproj", "{6AB37049-24DD-4ACF-9805-362B85C303A3}"
EndProject
Project("{FAE04EC0-301F-11D3-BF4B-00C04F79EFBC}") = "03.RecursiveDrawing", "03.RecursiveDrawing\03.RecursiveDrawing.csproj", "{34D4ADBE-FF5F-481B-8228-FB45121D0ABB}"
EndProject
Project("{FAE04EC0-301F-11D3-BF4B-00C04F79EFBC}") = "04.Generating01Vectors", "04.Generating01Vectors\04.Generating01Vectors.csproj", "{7D937B8B-72E3-4040-BD9F-D9793C10234C}"
EndProject
Project("{FAE04EC0-301F-11D3-BF4B-00C04F79EFBC}") = "05.GeneratingCombinations", "05.GeneratingCombinations\05.GeneratingCombinations.csproj", "{9465D4FB-9572-4DC9-A45C-3BA284F5FB88}"
EndProject
Project("{FAE04EC0-301F-11D3-BF4B-00C04F79EFBC}") = "06.8QueenPuzzle", "06.8QueenPuzzle\06.8QueenPuzzle.csproj", "{3C34FD16-14C2-4C26-BE3C-A012FA8F74B3}"
EndProject
Project("{FAE04EC0-301F-11D3-BF4B-00C04F79EFBC}") = "07.FindAllPathsInALabyrinth", "07.FindAllPathsInALabyrinth\07.FindAllPathsInALabyrinth.csproj", "{39C890C1-784B-4ACE-AF5C-C60FFFD6B5CD}"
EndProject
Global
	GlobalSection(SolutionConfigurationPlatforms) = preSolution
		Debug|Any CPU = Debug|Any CPU
		Release|Any CPU = Release|Any CPU
	EndGlobalSection
	GlobalSection(ProjectConfigurationPlatforms) = postSolution
		{2249C71F-0223-468B-A11E-A80C3EAFCF16}.Debug|Any CPU.ActiveCfg = Debug|Any CPU
		{2249C71F-0223-468B-A11E-A80C3EAFCF16}.Debug|Any CPU.Build.0 = Debug|Any CPU
		{2249C71F-0223-468B-A11E-A80C3EAFCF16}.Release|Any CPU.ActiveCfg = Release|Any CPU
		{2249C71F-0223-468B-A11E-A80C3EAFCF16}.Release|Any CPU.Build.0 = Release|Any CPU
		{6AB37049-24DD-4ACF-9805-362B85C303A3}.Debug|Any CPU.ActiveCfg = Debug|Any CPU
		{6AB37049-24DD-4ACF-9805-362B85C303A3}.Debug|Any CPU.Build.0 = Debug|Any CPU
		{6AB37049-24DD-4ACF-9805-362B85C303A3}.Release|Any CPU.ActiveCfg = Release|Any CPU
		{6AB37049-24DD-4ACF-9805-362B85C303A3}.Release|Any CPU.Build.0 = Release|Any CPU
		{34D4ADBE-FF5F-481B-8228-FB45121D0ABB}.Debug|Any CPU.ActiveCfg = Debug|Any CPU
		{34D4ADBE-FF5F-481B-8228-FB45121D0ABB}.Debug|Any CPU.Build.0 = Debug|Any CPU
		{34D4ADBE-FF5F-481B-8228-FB45121D0ABB}.Release|Any CPU.ActiveCfg = Release|Any CPU
		{34D4ADBE-FF5F-481B-8228-FB45121D0ABB}.Release|Any CPU.Build.0 = Release|Any CPU
		{7D937B8B-72E3-4040-BD9F-D9793C10234C}.Debug|Any CPU.ActiveCfg = Debug|Any CPU
		{7D937B8B-72E3-4040-BD9F-D9793C10234C}.Debug|Any CPU.Build.0 = Debug|Any CPU
		{7D937B8B-72E3-4040-BD9F-D9793C10234C}.Release|Any CPU.ActiveCfg = Release|Any CPU
		{7D937B8B-72E3-4040-BD9F-D9793C10234C}.Release|Any CPU.Build.0 = Release|Any CPU
		{9465D4FB-9572-4DC9-A45C-3BA284F5FB88}.Debug|Any CPU.ActiveCfg = Debug|Any CPU
		{9465D4FB-9572-4DC9-A45C-3BA284F5FB88}.Debug|Any CPU.Build.0 = Debug|Any CPU
		{9465D4FB-9572-4DC9-A45C-3BA284F5FB88}.Release|Any CPU.ActiveCfg = Release|Any CPU
		{9465D4FB-9572-4DC9-A45C-3BA284F5FB88}.Release|Any CPU.Build.0 = Release|Any CPU
		{3C34FD16-14C2-4C26-BE3C-A012FA8F74B3}.Debug|Any CPU.ActiveCfg = Debug|Any CPU
		{3C34FD16-14C2-4C26-BE3C-A012FA8F74B3}.Debug|Any CPU.Build.0 = Debug|Any CPU
		{3C34FD16-14C2-4C26-BE3C-A012FA8F74B3}.Release|Any CPU.ActiveCfg = Release|Any CPU
		{3C34FD16-14C2-4C26-BE3C-A012FA8F74B3}.Release|Any CPU.Build.0 = Release|Any CPU
		{39C890C1-784B-4ACE-AF5C-C60FFFD6B5CD}.Debug|Any CPU.ActiveCfg = Debug|Any CPU
		{39C890C1-784B-4ACE-AF5C-C60FFFD6B5CD}.Debug|Any CPU.Build.0 = Debug|Any CPU
		{39C890C1-784B-4ACE-AF5C-C60FFFD6B5CD}.Release|Any CPU.ActiveCfg = Release|Any CPU
		{39C890C1-784B-4ACE-AF5C-C60FFFD6B5CD}.Release|Any CPU.Build.0 = Release|Any CPU
	EndGlobalSection
	GlobalSection(SolutionProperties) = preSolution
		HideSolutionNode = FALSE
	EndGlobalSection
	GlobalSection(ExtensibilityGlobals) = postSolution
		SolutionGuid = {62386C4A-8EA2-4F1A-9985-4945A8231012}
	EndGlobalSection
EndGlobal
