
Microsoft Visual Studio Solution File, Format Version 12.00
# Visual Studio Version 16
VisualStudioVersion = 16.0.29709.97
MinimumVisualStudioVersion = 10.0.40219.1
Project("{FAE04EC0-301F-11D3-BF4B-00C04F79EFBC}") = "Plus Minus", "Plus Minus\Plus Minus.csproj", "{3915CC83-F054-4F8B-B0B1-907DE1580F4C}"
EndProject
Global
	GlobalSection(SolutionConfigurationPlatforms) = preSolution
		Debug|Any CPU = Debug|Any CPU
		Release|Any CPU = Release|Any CPU
	EndGlobalSection
	GlobalSection(ProjectConfigurationPlatforms) = postSolution
		{3915CC83-F054-4F8B-B0B1-907DE1580F4C}.Debug|Any CPU.ActiveCfg = Debug|Any CPU
		{3915CC83-F054-4F8B-B0B1-907DE1580F4C}.Debug|Any CPU.Build.0 = Debug|Any CPU
		{3915CC83-F054-4F8B-B0B1-907DE1580F4C}.Release|Any CPU.ActiveCfg = Release|Any CPU
		{3915CC83-F054-4F8B-B0B1-907DE1580F4C}.Release|Any CPU.Build.0 = Release|Any CPU
	EndGlobalSection
	GlobalSection(SolutionProperties) = preSolution
		HideSolutionNode = FALSE
	EndGlobalSection
	GlobalSection(ExtensibilityGlobals) = postSolution
		SolutionGuid = {2A6F319C-3C50-4AC6-8114-594F3119B4BE}
	EndGlobalSection
EndGlobal
