
Microsoft Visual Studio Solution File, Format Version 12.00
# Visual Studio 15
VisualStudioVersion = 15.0.28307.136
MinimumVisualStudioVersion = 10.0.40219.1
Project("{FAE04EC0-301F-11D3-BF4B-00C04F79EFBC}") = "Deciphering02", "Deciphering02\Deciphering02.csproj", "{671B75AF-46D3-47DB-B9EA-2A0CD8CF06FA}"
EndProject
Global
	GlobalSection(SolutionConfigurationPlatforms) = preSolution
		Debug|Any CPU = Debug|Any CPU
		Release|Any CPU = Release|Any CPU
	EndGlobalSection
	GlobalSection(ProjectConfigurationPlatforms) = postSolution
		{671B75AF-46D3-47DB-B9EA-2A0CD8CF06FA}.Debug|Any CPU.ActiveCfg = Debug|Any CPU
		{671B75AF-46D3-47DB-B9EA-2A0CD8CF06FA}.Debug|Any CPU.Build.0 = Debug|Any CPU
		{671B75AF-46D3-47DB-B9EA-2A0CD8CF06FA}.Release|Any CPU.ActiveCfg = Release|Any CPU
		{671B75AF-46D3-47DB-B9EA-2A0CD8CF06FA}.Release|Any CPU.Build.0 = Release|Any CPU
	EndGlobalSection
	GlobalSection(SolutionProperties) = preSolution
		HideSolutionNode = FALSE
	EndGlobalSection
	GlobalSection(ExtensibilityGlobals) = postSolution
		SolutionGuid = {0B92AF60-C35C-451C-94F5-CC40D4AFD512}
	EndGlobalSection
EndGlobal
