
Microsoft Visual Studio Solution File, Format Version 12.00
# Visual Studio Version 16
VisualStudioVersion = 16.0.29709.97
MinimumVisualStudioVersion = 10.0.40219.1
Project("{FAE04EC0-301F-11D3-BF4B-00C04F79EFBC}") = "Market Store", "Market Store\Market Store.csproj", "{BB21963C-6F19-4A0C-B040-DFA75B6CE315}"
EndProject
Global
	GlobalSection(SolutionConfigurationPlatforms) = preSolution
		Debug|Any CPU = Debug|Any CPU
		Release|Any CPU = Release|Any CPU
	EndGlobalSection
	GlobalSection(ProjectConfigurationPlatforms) = postSolution
		{BB21963C-6F19-4A0C-B040-DFA75B6CE315}.Debug|Any CPU.ActiveCfg = Debug|Any CPU
		{BB21963C-6F19-4A0C-B040-DFA75B6CE315}.Debug|Any CPU.Build.0 = Debug|Any CPU
		{BB21963C-6F19-4A0C-B040-DFA75B6CE315}.Release|Any CPU.ActiveCfg = Release|Any CPU
		{BB21963C-6F19-4A0C-B040-DFA75B6CE315}.Release|Any CPU.Build.0 = Release|Any CPU
	EndGlobalSection
	GlobalSection(SolutionProperties) = preSolution
		HideSolutionNode = FALSE
	EndGlobalSection
	GlobalSection(ExtensibilityGlobals) = postSolution
		SolutionGuid = {867CD518-361E-48DA-8772-2DF63FD6F96D}
	EndGlobalSection
EndGlobal
