
Microsoft Visual Studio Solution File, Format Version 12.00
# Visual Studio 15
VisualStudioVersion = 15.0.28307.271
MinimumVisualStudioVersion = 10.0.40219.1
Project("{FAE04EC0-301F-11D3-BF4B-00C04F79EFBC}") = "02.SantaList", "02.SantaList\02.SantaList.csproj", "{C1CA5852-4B65-4C6F-BFA1-47A81368D819}"
EndProject
Global
	GlobalSection(SolutionConfigurationPlatforms) = preSolution
		Debug|Any CPU = Debug|Any CPU
		Release|Any CPU = Release|Any CPU
	EndGlobalSection
	GlobalSection(ProjectConfigurationPlatforms) = postSolution
		{C1CA5852-4B65-4C6F-BFA1-47A81368D819}.Debug|Any CPU.ActiveCfg = Debug|Any CPU
		{C1CA5852-4B65-4C6F-BFA1-47A81368D819}.Debug|Any CPU.Build.0 = Debug|Any CPU
		{C1CA5852-4B65-4C6F-BFA1-47A81368D819}.Release|Any CPU.ActiveCfg = Release|Any CPU
		{C1CA5852-4B65-4C6F-BFA1-47A81368D819}.Release|Any CPU.Build.0 = Release|Any CPU
	EndGlobalSection
	GlobalSection(SolutionProperties) = preSolution
		HideSolutionNode = FALSE
	EndGlobalSection
	GlobalSection(ExtensibilityGlobals) = postSolution
		SolutionGuid = {353D59BC-D294-4F89-BBB2-9B84A24B1420}
	EndGlobalSection
EndGlobal
