
Microsoft Visual Studio Solution File, Format Version 12.00
# Visual Studio 15
VisualStudioVersion = 15.0.28307.271
MinimumVisualStudioVersion = 10.0.40219.1
Project("{FAE04EC0-301F-11D3-BF4B-00C04F79EFBC}") = "MovieTime", "MovieTime\MovieTime.csproj", "{77907200-ABFB-41A2-A0A7-0BAB7E2A601B}"
EndProject
Global
	GlobalSection(SolutionConfigurationPlatforms) = preSolution
		Debug|Any CPU = Debug|Any CPU
		Release|Any CPU = Release|Any CPU
	EndGlobalSection
	GlobalSection(ProjectConfigurationPlatforms) = postSolution
		{77907200-ABFB-41A2-A0A7-0BAB7E2A601B}.Debug|Any CPU.ActiveCfg = Debug|Any CPU
		{77907200-ABFB-41A2-A0A7-0BAB7E2A601B}.Debug|Any CPU.Build.0 = Debug|Any CPU
		{77907200-ABFB-41A2-A0A7-0BAB7E2A601B}.Release|Any CPU.ActiveCfg = Release|Any CPU
		{77907200-ABFB-41A2-A0A7-0BAB7E2A601B}.Release|Any CPU.Build.0 = Release|Any CPU
	EndGlobalSection
	GlobalSection(SolutionProperties) = preSolution
		HideSolutionNode = FALSE
	EndGlobalSection
	GlobalSection(ExtensibilityGlobals) = postSolution
		SolutionGuid = {B610CF8F-92CD-4A9F-84F5-13B671922021}
	EndGlobalSection
EndGlobal
