
Microsoft Visual Studio Solution File, Format Version 12.00
# Visual Studio 15
VisualStudioVersion = 15.0.28307.271
MinimumVisualStudioVersion = 10.0.40219.1
Project("{FAE04EC0-301F-11D3-BF4B-00C04F79EFBC}") = "03.Isle", "03.Isle\03.Isle.csproj", "{00234670-ED74-4342-98B8-69E13B1B6E6C}"
EndProject
Global
	GlobalSection(SolutionConfigurationPlatforms) = preSolution
		Debug|Any CPU = Debug|Any CPU
		Release|Any CPU = Release|Any CPU
	EndGlobalSection
	GlobalSection(ProjectConfigurationPlatforms) = postSolution
		{00234670-ED74-4342-98B8-69E13B1B6E6C}.Debug|Any CPU.ActiveCfg = Debug|Any CPU
		{00234670-ED74-4342-98B8-69E13B1B6E6C}.Debug|Any CPU.Build.0 = Debug|Any CPU
		{00234670-ED74-4342-98B8-69E13B1B6E6C}.Release|Any CPU.ActiveCfg = Release|Any CPU
		{00234670-ED74-4342-98B8-69E13B1B6E6C}.Release|Any CPU.Build.0 = Release|Any CPU
	EndGlobalSection
	GlobalSection(SolutionProperties) = preSolution
		HideSolutionNode = FALSE
	EndGlobalSection
	GlobalSection(ExtensibilityGlobals) = postSolution
		SolutionGuid = {30A57497-8712-4EA0-B7E6-F7511E156D52}
	EndGlobalSection
EndGlobal
