
Microsoft Visual Studio Solution File, Format Version 12.00
# Visual Studio Version 16
VisualStudioVersion = 16.0.29709.97
MinimumVisualStudioVersion = 10.0.40219.1
Project("{FAE04EC0-301F-11D3-BF4B-00C04F79EFBC}") = "SIS.HTTP", "SIS.HTTP\SIS.HTTP.csproj", "{B8EB7827-6D6D-422D-8929-5D48BDA0C73E}"
EndProject
Project("{FAE04EC0-301F-11D3-BF4B-00C04F79EFBC}") = "SIS.MvcFramework", "SIS.MvcFramework\SIS.MvcFramework.csproj", "{4F214FA2-7D0B-4E4A-ADC0-37234DF227A6}"
EndProject
Project("{FAE04EC0-301F-11D3-BF4B-00C04F79EFBC}") = "DemoApp", "DemoApp\DemoApp.csproj", "{A77EB1BA-1504-4665-B565-8C165F51A53E}"
EndProject
Global
	GlobalSection(SolutionConfigurationPlatforms) = preSolution
		Debug|Any CPU = Debug|Any CPU
		Release|Any CPU = Release|Any CPU
	EndGlobalSection
	GlobalSection(ProjectConfigurationPlatforms) = postSolution
		{B8EB7827-6D6D-422D-8929-5D48BDA0C73E}.Debug|Any CPU.ActiveCfg = Debug|Any CPU
		{B8EB7827-6D6D-422D-8929-5D48BDA0C73E}.Debug|Any CPU.Build.0 = Debug|Any CPU
		{B8EB7827-6D6D-422D-8929-5D48BDA0C73E}.Release|Any CPU.ActiveCfg = Release|Any CPU
		{B8EB7827-6D6D-422D-8929-5D48BDA0C73E}.Release|Any CPU.Build.0 = Release|Any CPU
		{4F214FA2-7D0B-4E4A-ADC0-37234DF227A6}.Debug|Any CPU.ActiveCfg = Debug|Any CPU
		{4F214FA2-7D0B-4E4A-ADC0-37234DF227A6}.Debug|Any CPU.Build.0 = Debug|Any CPU
		{4F214FA2-7D0B-4E4A-ADC0-37234DF227A6}.Release|Any CPU.ActiveCfg = Release|Any CPU
		{4F214FA2-7D0B-4E4A-ADC0-37234DF227A6}.Release|Any CPU.Build.0 = Release|Any CPU
		{A77EB1BA-1504-4665-B565-8C165F51A53E}.Debug|Any CPU.ActiveCfg = Debug|Any CPU
		{A77EB1BA-1504-4665-B565-8C165F51A53E}.Debug|Any CPU.Build.0 = Debug|Any CPU
		{A77EB1BA-1504-4665-B565-8C165F51A53E}.Release|Any CPU.ActiveCfg = Release|Any CPU
		{A77EB1BA-1504-4665-B565-8C165F51A53E}.Release|Any CPU.Build.0 = Release|Any CPU
	EndGlobalSection
	GlobalSection(SolutionProperties) = preSolution
		HideSolutionNode = FALSE
	EndGlobalSection
	GlobalSection(ExtensibilityGlobals) = postSolution
		SolutionGuid = {20D95B5E-4325-450D-9CE9-266E3CE3D0F2}
	EndGlobalSection
EndGlobal
