
Microsoft Visual Studio Solution File, Format Version 12.00
# Visual Studio 15
VisualStudioVersion = 15.0.28307.136
MinimumVisualStudioVersion = 10.0.40219.1
Project("{FAE04EC0-301F-11D3-BF4B-00C04F79EFBC}") = "DungeonestDark", "DungeonestDark\DungeonestDark.csproj", "{BB0AF3F1-FDB6-49F5-884A-CE782B2FFE83}"
EndProject
Global
	GlobalSection(SolutionConfigurationPlatforms) = preSolution
		Debug|Any CPU = Debug|Any CPU
		Release|Any CPU = Release|Any CPU
	EndGlobalSection
	GlobalSection(ProjectConfigurationPlatforms) = postSolution
		{BB0AF3F1-FDB6-49F5-884A-CE782B2FFE83}.Debug|Any CPU.ActiveCfg = Debug|Any CPU
		{BB0AF3F1-FDB6-49F5-884A-CE782B2FFE83}.Debug|Any CPU.Build.0 = Debug|Any CPU
		{BB0AF3F1-FDB6-49F5-884A-CE782B2FFE83}.Release|Any CPU.ActiveCfg = Release|Any CPU
		{BB0AF3F1-FDB6-49F5-884A-CE782B2FFE83}.Release|Any CPU.Build.0 = Release|Any CPU
	EndGlobalSection
	GlobalSection(SolutionProperties) = preSolution
		HideSolutionNode = FALSE
	EndGlobalSection
	GlobalSection(ExtensibilityGlobals) = postSolution
		SolutionGuid = {BD8F6917-EE87-41F6-A7FF-A5E6EFA67F43}
	EndGlobalSection
EndGlobal
